
Microsoft Visual Studio Solution File, Format Version 12.00
# Visual Studio 15
VisualStudioVersion = 15.0.28307.271
MinimumVisualStudioVersion = 10.0.40219.1
Project("{FAE04EC0-301F-11D3-BF4B-00C04F79EFBC}") = "WindowsFormsApp1", "WindowsFormsApp1\WindowsFormsApp1.csproj", "{09884511-708B-40B3-BE7D-E3869F144183}"
EndProject
Global
	GlobalSection(SolutionConfigurationPlatforms) = preSolution
		Debug|Any CPU = Debug|Any CPU
		Release|Any CPU = Release|Any CPU
	EndGlobalSection
	GlobalSection(ProjectConfigurationPlatforms) = postSolution
		{09884511-708B-40B3-BE7D-E3869F144183}.Debug|Any CPU.ActiveCfg = Debug|Any CPU
		{09884511-708B-40B3-BE7D-E3869F144183}.Debug|Any CPU.Build.0 = Debug|Any CPU
		{09884511-708B-40B3-BE7D-E3869F144183}.Release|Any CPU.ActiveCfg = Release|Any CPU
		{09884511-708B-40B3-BE7D-E3869F144183}.Release|Any CPU.Build.0 = Release|Any CPU
	EndGlobalSection
	GlobalSection(SolutionProperties) = preSolution
		HideSolutionNode = FALSE
	EndGlobalSection
	GlobalSection(ExtensibilityGlobals) = postSolution
		SolutionGuid = {96F06248-8130-4D84-A038-52C0995E9165}
	EndGlobalSection
EndGlobal
